
Microsoft Visual Studio Solution File, Format Version 12.00
# Visual Studio Version 16
VisualStudioVersion = 16.0.32228.343
MinimumVisualStudioVersion = 10.0.40219.1
Project("{8BC9CEB8-8B4A-11D0-8D11-00A0C91BC942}") = "pong-raylib", "pong-raylib.vcxproj", "{D73C2EDF-3BEF-4FA3-B48D-4B6812E40B37}"
EndProject
Global
	GlobalSection(SolutionConfigurationPlatforms) = preSolution
		Debug|x64 = Debug|x64
		Debug|x86 = Debug|x86
		Release|x64 = Release|x64
		Release|x86 = Release|x86
	EndGlobalSection
	GlobalSection(ProjectConfigurationPlatforms) = postSolution
		{D73C2EDF-3BEF-4FA3-B48D-4B6812E40B37}.Debug|x64.ActiveCfg = Debug|x64
		{D73C2EDF-3BEF-4FA3-B48D-4B6812E40B37}.Debug|x64.Build.0 = Debug|x64
		{D73C2EDF-3BEF-4FA3-B48D-4B6812E40B37}.Debug|x86.ActiveCfg = Debug|Win32
		{D73C2EDF-3BEF-4FA3-B48D-4B6812E40B37}.Debug|x86.Build.0 = Debug|Win32
		{D73C2EDF-3BEF-4FA3-B48D-4B6812E40B37}.Release|x64.ActiveCfg = Release|x64
		{D73C2EDF-3BEF-4FA3-B48D-4B6812E40B37}.Release|x64.Build.0 = Release|x64
		{D73C2EDF-3BEF-4FA3-B48D-4B6812E40B37}.Release|x86.ActiveCfg = Release|Win32
		{D73C2EDF-3BEF-4FA3-B48D-4B6812E40B37}.Release|x86.Build.0 = Release|Win32
	EndGlobalSection
	GlobalSection(SolutionProperties) = preSolution
		HideSolutionNode = FALSE
	EndGlobalSection
	GlobalSection(ExtensibilityGlobals) = postSolution
		SolutionGuid = {8A1AEC28-577F-4A29-A852-5813FEE7714C}
	EndGlobalSection
EndGlobal
